<?xml version="1.0" encoding="utf-8"?>
<Project ToolsVersion="4.0" xmlns="http://schemas.microsoft.com/developer/msbuild/2003">
  <ItemGroup>
    <Filter Include="Source Files">
      <UniqueIdentifier>{4FC737F1-C7A5-4376-A066-2A32D752A2FF}</UniqueIdentifier>
      <Extensions>cpp;c;cc;cxx;def;odl;idl;hpj;bat;asm;asmx</Extensions>
    </Filter>
    <Filter Include="Header Files">
      <UniqueIdentifier>{93995380-89BD-4b04-88EB-625FBE52EBFB}</UniqueIdentifier>
      <Extensions>h;hh;hpp;hxx;hm;inl;inc;xsd</Extensions>
    </Filter>
    <Filter Include="Resource Files">
      <UniqueIdentifier>{67DA6AB6-F800-4c08-8B7A-83BB121AAD01}</UniqueIdentifier>
      <Extensions>rc;ico;cur;bmp;dlg;rc2;rct;bin;rgs;gif;jpg;jpeg;jpe;resx;tiff;tif;png;wav;mfcribbon-ms</Extensions>
    </Filter>
    <Filter Include="Header Files\shaders">
      <UniqueIdentifier>{5c496c0e-2a59-4b97-be93-219c513c63f8}</UniqueIdentifier>
    </Filter>
    <Filter Include="Header Files\assets">
      <UniqueIdentifier>{389e4210-01b4-4e50-85fa-848b8422e00e}</UniqueIdentifier>
    </Filter>
    <Filter Include="Header Files\renderer">
      <UniqueIdentifier>{236935cf-68a3-4f14-b7f5-2a4f1d4ef525}</UniqueIdentifier>
    </Filter>
    <Filter Include="Source Files\renderer">
      <UniqueIdentifier>{e1e92e95-7f23-41fd-a2dc-d39085921412}</UniqueIdentifier>
    </Filter>
  </ItemGroup>
  <ItemGroup>
    <ClCompile Include="main.cpp">
      <Filter>Source Files</Filter>
    </ClCompile>
    <ClCompile Include="renderer.cpp">
      <Filter>Source Files\renderer</Filter>
    </ClCompile>
  </ItemGroup>
  <ItemGroup>
    <ClInclude Include="shaders.h">
      <Filter>Header Files\shaders</Filter>
    </ClInclude>
    <ClInclude Include="block.h">
      <Filter>Header Files\assets</Filter>
    </ClInclude>
    <ClInclude Include="renderer.h">
      <Filter>Header Files\renderer</Filter>
    </ClInclude>
  </ItemGroup>
</Project>