<?xml version="1.0" encoding="utf-8"?>
<Project ToolsVersion="4.0" xmlns="http://schemas.microsoft.com/developer/msbuild/2003">
  <ItemGroup>
    <Filter Include="Source Files">
      <UniqueIdentifier>{4FC737F1-C7A5-4376-A066-2A32D752A2FF}</UniqueIdentifier>
      <Extensions>cpp;c;cc;cxx;def;odl;idl;hpj;bat;asm;asmx</Extensions>
    </Filter>
    <Filter Include="Header Files">
      <UniqueIdentifier>{93995380-89BD-4b04-88EB-625FBE52EBFB}</UniqueIdentifier>
      <Extensions>h;hh;hpp;hxx;hm;inl;inc;xsd</Extensions>
    </Filter>
    <Filter Include="Resource Files">
      <UniqueIdentifier>{67DA6AB6-F800-4c08-8B7A-83BB121AAD01}</UniqueIdentifier>
      <Extensions>rc;ico;cur;bmp;dlg;rc2;rct;bin;rgs;gif;jpg;jpeg;jpe;resx;tiff;tif;png;wav;mfcribbon-ms</Extensions>
    </Filter>
    <Filter Include="Header Files\chunks">
      <UniqueIdentifier>{4e114ed3-6781-49cb-b187-918528d57ffc}</UniqueIdentifier>
    </Filter>
    <Filter Include="Source Files\chunks">
      <UniqueIdentifier>{cae6f546-5d6e-4f35-888e-8cb767168639}</UniqueIdentifier>
    </Filter>
    <Filter Include="Source Files\renderer">
      <UniqueIdentifier>{6df5abfc-9fcc-4ac0-b244-b970d8fb748c}</UniqueIdentifier>
    </Filter>
    <Filter Include="Header Files\renderer">
      <UniqueIdentifier>{5b971bb4-89a7-4aab-bbf2-36ab679eedf0}</UniqueIdentifier>
    </Filter>
    <Filter Include="Header Files\shaders">
      <UniqueIdentifier>{ee43f03c-ca97-4fc2-8756-8ad8cba3f715}</UniqueIdentifier>
    </Filter>
  </ItemGroup>
  <ItemGroup>
    <ClCompile Include="main.cpp">
      <Filter>Source Files</Filter>
    </ClCompile>
    <ClCompile Include="chunks\chunk.cpp">
      <Filter>Source Files\chunks</Filter>
    </ClCompile>
    <ClCompile Include="renderer\renderer.cpp">
      <Filter>Source Files\renderer</Filter>
    </ClCompile>
    <ClCompile Include="renderer\camera.cpp">
      <Filter>Source Files\renderer</Filter>
    </ClCompile>
    <ClCompile Include="..\..\..\..\..\..\..\..\FastNoise-master\FastNoise.cpp">
      <Filter>Source Files\chunks</Filter>
    </ClCompile>
    <ClCompile Include="chunks\chunkmanager.cpp">
      <Filter>Source Files\chunks</Filter>
    </ClCompile>
  </ItemGroup>
  <ItemGroup>
    <ClInclude Include="chunks\block.h">
      <Filter>Header Files\chunks</Filter>
    </ClInclude>
    <ClInclude Include="chunks\chunk.h">
      <Filter>Header Files\chunks</Filter>
    </ClInclude>
    <ClInclude Include="renderer\renderer.h">
      <Filter>Header Files\renderer</Filter>
    </ClInclude>
    <ClInclude Include="shaders\shaders.h">
      <Filter>Header Files\shaders</Filter>
    </ClInclude>
    <ClInclude Include="renderer\camera.h">
      <Filter>Header Files\renderer</Filter>
    </ClInclude>
    <ClInclude Include="..\..\..\..\..\..\..\..\FastNoise-master\FastNoise.h">
      <Filter>Header Files\chunks</Filter>
    </ClInclude>
    <ClInclude Include="chunks\chunkmanager.h">
      <Filter>Header Files\chunks</Filter>
    </ClInclude>
  </ItemGroup>
</Project>